
Microsoft Visual Studio Solution File, Format Version 12.00
# Visual Studio 15
VisualStudioVersion = 15.0.28307.902
MinimumVisualStudioVersion = 10.0.40219.1
Project("{888888A0-9F3D-457C-B088-3A5042F75D52}") = "ProblemBank", "ProblemBank.pyproj", "{AAAC3CFC-08C6-4B84-ABF4-1E4495DF3E20}"
EndProject
Project("{888888A0-9F3D-457C-B088-3A5042F75D52}") = "Problem", "..\ProjectEuler\Problem.pyproj", "{DAD1FFD4-2CEE-4915-A060-61204DA3697D}"
EndProject
Global
	GlobalSection(SolutionConfigurationPlatforms) = preSolution
		Debug|Any CPU = Debug|Any CPU
		Release|Any CPU = Release|Any CPU
	EndGlobalSection
	GlobalSection(ProjectConfigurationPlatforms) = postSolution
		{AAAC3CFC-08C6-4B84-ABF4-1E4495DF3E20}.Debug|Any CPU.ActiveCfg = Debug|Any CPU
		{AAAC3CFC-08C6-4B84-ABF4-1E4495DF3E20}.Release|Any CPU.ActiveCfg = Release|Any CPU
		{DAD1FFD4-2CEE-4915-A060-61204DA3697D}.Debug|Any CPU.ActiveCfg = Debug|Any CPU
		{DAD1FFD4-2CEE-4915-A060-61204DA3697D}.Release|Any CPU.ActiveCfg = Release|Any CPU
	EndGlobalSection
	GlobalSection(SolutionProperties) = preSolution
		HideSolutionNode = FALSE
	EndGlobalSection
	GlobalSection(ExtensibilityGlobals) = postSolution
		SolutionGuid = {6CB38623-87D7-4FE0-B97A-3EAE4B3B916B}
	EndGlobalSection
EndGlobal
